
Microsoft Visual Studio Solution File, Format Version 12.00
# Visual Studio Version 17
VisualStudioVersion = 17.3.32929.385
MinimumVisualStudioVersion = 10.0.40219.1
Project("{FAE04EC0-301F-11D3-BF4B-00C04F79EFBC}") = "Task_2", "Task_2\Task_2.csproj", "{B775278B-DF89-4B27-AD4C-A4D3742D4BC1}"
EndProject
Project("{FAE04EC0-301F-11D3-BF4B-00C04F79EFBC}") = "Task_3", "Task_3\Task_3.csproj", "{EC4C87A3-4CCA-4176-9DF0-CAC377092170}"
EndProject
Project("{FAE04EC0-301F-11D3-BF4B-00C04F79EFBC}") = "Task_4", "Task_4\Task_4.csproj", "{FFFF6EE7-B7DF-4C54-AFB7-B6DD21B979C0}"
EndProject
Global
	GlobalSection(SolutionConfigurationPlatforms) = preSolution
		Debug|Any CPU = Debug|Any CPU
		Release|Any CPU = Release|Any CPU
	EndGlobalSection
	GlobalSection(ProjectConfigurationPlatforms) = postSolution
		{B775278B-DF89-4B27-AD4C-A4D3742D4BC1}.Debug|Any CPU.ActiveCfg = Debug|Any CPU
		{B775278B-DF89-4B27-AD4C-A4D3742D4BC1}.Debug|Any CPU.Build.0 = Debug|Any CPU
		{B775278B-DF89-4B27-AD4C-A4D3742D4BC1}.Release|Any CPU.ActiveCfg = Release|Any CPU
		{B775278B-DF89-4B27-AD4C-A4D3742D4BC1}.Release|Any CPU.Build.0 = Release|Any CPU
		{EC4C87A3-4CCA-4176-9DF0-CAC377092170}.Debug|Any CPU.ActiveCfg = Debug|Any CPU
		{EC4C87A3-4CCA-4176-9DF0-CAC377092170}.Debug|Any CPU.Build.0 = Debug|Any CPU
		{EC4C87A3-4CCA-4176-9DF0-CAC377092170}.Release|Any CPU.ActiveCfg = Release|Any CPU
		{EC4C87A3-4CCA-4176-9DF0-CAC377092170}.Release|Any CPU.Build.0 = Release|Any CPU
		{FFFF6EE7-B7DF-4C54-AFB7-B6DD21B979C0}.Debug|Any CPU.ActiveCfg = Debug|Any CPU
		{FFFF6EE7-B7DF-4C54-AFB7-B6DD21B979C0}.Debug|Any CPU.Build.0 = Debug|Any CPU
		{FFFF6EE7-B7DF-4C54-AFB7-B6DD21B979C0}.Release|Any CPU.ActiveCfg = Release|Any CPU
		{FFFF6EE7-B7DF-4C54-AFB7-B6DD21B979C0}.Release|Any CPU.Build.0 = Release|Any CPU
	EndGlobalSection
	GlobalSection(SolutionProperties) = preSolution
		HideSolutionNode = FALSE
	EndGlobalSection
	GlobalSection(ExtensibilityGlobals) = postSolution
		SolutionGuid = {9E1A435E-2722-4499-BA22-83B3EF093675}
	EndGlobalSection
EndGlobal
